{
  "lockfile_version": "1",
  "packages": {
    "github:NixOS/nixpkgs/nixpkgs-unstable": {
      "last_modified": "2026-07-18T04:06:47Z",
      "resolved": "github:NixOS/nixpkgs/31cd72fdba8fa052e437ce7e6879c4fe62def10f?lastModified=1784347607&narHash=sha256-VI5cdo27nEZ3m1SlgB8RvBbrqFUO2%2FdUgrrLWe407oA%3D"
    },
    "go@latest": {
      "last_modified": "2026-08-27T07:16:00Z",
      "resolved": "github:NixOS/nixpkgs/c27cdad491a991b11ed731760aa2ef8db0cb0410#go_1_27",
      "source": "devbox-search",
      "version": "1.27.0",
      "systems": {
        "aarch64-darwin": {
          "outputs": [
            {
              "name": "out",
              "path": "/nix/store/lz3qw52rpazqga73xgsqlj4qz1lgs4hg-go-1.27.0",
              "default": true
            }
          ],
          "store_path": "/nix/store/lz3qw52rpazqga73xgsqlj4qz1lgs4hg-go-1.27.0"
        },
        "aarch64-linux": {
          "outputs": [
            {
              "name": "out",
              "path": "/nix/store/zqjvg5805xkf6zsd8nrdvgbv58yw2phr-go-1.27.0",
              "default": true
            }
          ],
          "store_path": "/nix/store/zqjvg5805xkf6zsd8nrdvgbv58yw2phr-go-1.27.0"
        },
        "x86_64-linux": {
          "outputs": [
            {
              "name": "out",
              "path": "/nix/store/fibbp1k5gcpaxcin4dzk70yd056rfjhg-go-1.27.0",
              "default": true
            }
          ],
          "store_path": "/nix/store/fibbp1k5gcpaxcin4dzk70yd056rfjhg-go-1.27.0"
        }
      }
    },
    "golangci-lint@latest": {
      "last_modified": "2026-08-27T07:16:00Z",
      "resolved": "github:NixOS/nixpkgs/c27cdad491a991b11ed731760aa2ef8db0cb0410#golangci-lint",
      "source": "devbox-search",
      "version": "2.13.1",
      "systems": {
        "aarch64-darwin": {
          "outputs": [
            {
              "name": "out",
              "path": "/nix/store/vyl94dsc8a2vfpx0h9hs3ls3w9hfcyfa-golangci-lint-2.13.1",
              "default": true
            }
          ],
          "store_path": "/nix/store/vyl94dsc8a2vfpx0h9hs3ls3w9hfcyfa-golangci-lint-2.13.1"
        },
        "aarch64-linux": {
          "outputs": [
            {
              "name": "out",
              "path": "/nix/store/zg1nnbiiaiq65v0h4b22hqlqpqa8ja0j-golangci-lint-2.13.1",
              "default": true
            }
          ],
          "store_path": "/nix/store/zg1nnbiiaiq65v0h4b22hqlqpqa8ja0j-golangci-lint-2.13.1"
        },
        "x86_64-linux": {
          "outputs": [
            {
              "name": "out",
              "path": "/nix/store/sqm80s7p5kx9j4ia19rw3jy41ajx1v73-golangci-lint-2.13.1",
              "default": true
            }
          ],
          "store_path": "/nix/store/sqm80s7p5kx9j4ia19rw3jy41ajx1v73-golangci-lint-2.13.1"
        }
      }
    },
    "goose@latest": {
      "last_modified": "2026-08-01T16:34:20Z",
      "resolved": "github:NixOS/nixpkgs/a5cbcfe954791221bfffe2307f7d1a1bf61a871e#goose",
      "source": "devbox-search",
      "version": "3.27.3",
      "systems": {
        "aarch64-darwin": {
          "outputs": [
            {
              "name": "out",
              "path": "/nix/store/b7n3dd4kfa0w7g2yn7cag4a0xzxhxaby-goose-3.27.3",
              "default": true
            }
          ],
          "store_path": "/nix/store/b7n3dd4kfa0w7g2yn7cag4a0xzxhxaby-goose-3.27.3"
        },
        "aarch64-linux": {
          "outputs": [
            {
              "name": "out",
              "path": "/nix/store/smkdmc1m5mmhcdrfp3f2lpvg1j9ia8kk-goose-3.27.3",
              "default": true
            }
          ],
          "store_path": "/nix/store/smkdmc1m5mmhcdrfp3f2lpvg1j9ia8kk-goose-3.27.3"
        },
        "x86_64-linux": {
          "outputs": [
            {
              "name": "out",
              "path": "/nix/store/jfrvn37wj7gw03dk0hbl7hznv3yy70gy-goose-3.27.3",
              "default": true
            }
          ],
          "store_path": "/nix/store/jfrvn37wj7gw03dk0hbl7hznv3yy70gy-goose-3.27.3"
        }
      }
    },
    "gotestsum@latest": {
      "last_modified": "2026-07-08T21:13:06Z",
      "resolved": "github:NixOS/nixpkgs/389ed85304b281ca7f306cf8a1eb4378651ca44e#gotestsum",
      "source": "devbox-search",
      "version": "1.13.0",
      "systems": {
        "aarch64-darwin": {
          "outputs": [
            {
              "name": "out",
              "path": "/nix/store/s89xw3drixxdykhrgiiy70scspc6nrm7-gotestsum-1.13.0",
              "default": true
            }
          ],
          "store_path": "/nix/store/s89xw3drixxdykhrgiiy70scspc6nrm7-gotestsum-1.13.0"
        },
        "aarch64-linux": {
          "outputs": [
            {
              "name": "out",
              "path": "/nix/store/wcj1w7w6zqf80b8v3fa6kvh848j4b5iy-gotestsum-1.13.0",
              "default": true
            }
          ],
          "store_path": "/nix/store/wcj1w7w6zqf80b8v3fa6kvh848j4b5iy-gotestsum-1.13.0"
        },
        "x86_64-darwin": {
          "outputs": [
            {
              "name": "out",
              "path": "/nix/store/m6zs9nibxrj5z49ywwihiqpb04k3xdzs-gotestsum-1.13.0",
              "default": true
            }
          ],
          "store_path": "/nix/store/m6zs9nibxrj5z49ywwihiqpb04k3xdzs-gotestsum-1.13.0"
        },
        "x86_64-linux": {
          "outputs": [
            {
              "name": "out",
              "path": "/nix/store/d3w112rwyfb5pxz0f35gziblfg7zzdx3-gotestsum-1.13.0",
              "default": true
            }
          ],
          "store_path": "/nix/store/d3w112rwyfb5pxz0f35gziblfg7zzdx3-gotestsum-1.13.0"
        }
      }
    },
    "sqlite@latest": {
      "last_modified": "2026-08-03T09:05:39Z",
      "resolved": "github:NixOS/nixpkgs/104240a772428cc2e20d8fd86c9ddbb886bbaff2#sqlite",
      "source": "devbox-search",
      "version": "3.53.3",
      "systems": {
        "aarch64-darwin": {
          "outputs": [
            {
              "name": "bin",
              "path": "/nix/store/lsc4wycmzpd7s5rni293j227zb7k899v-sqlite-3.53.3-bin",
              "default": true
            },
            {
              "name": "man",
              "path": "/nix/store/j37mzyph3p1jckx6a1safvd6da88zg87-sqlite-3.53.3-man",
              "default": true
            },
            {
              "name": "doc",
              "path": "/nix/store/fclvrrx17i44n5g1hmvwd8p4g0v3qkx5-sqlite-3.53.3-doc"
            },
            {
              "name": "out",
              "path": "/nix/store/dbgh5dmm0w2ya1rjwm7by3vb91chgkij-sqlite-3.53.3"
            },
            {
              "name": "dev",
              "path": "/nix/store/9i2nqcmrymaqhm6qgx3pzh32ysibzrr2-sqlite-3.53.3-dev"
            }
          ],
          "store_path": "/nix/store/lsc4wycmzpd7s5rni293j227zb7k899v-sqlite-3.53.3-bin"
        },
        "aarch64-linux": {
          "outputs": [
            {
              "name": "bin",
              "path": "/nix/store/md5qmi1mnlhhv72kvsp8fjjynag48xqa-sqlite-3.53.3-bin",
              "default": true
            },
            {
              "name": "man",
              "path": "/nix/store/4z9qwhx6407ig3g1spggwxngmjdff9zf-sqlite-3.53.3-man",
              "default": true
            },
            {
              "name": "dev",
              "path": "/nix/store/64z38icxbjxk3aif9ijsvd604sprg00s-sqlite-3.53.3-dev"
            },
            {
              "name": "doc",
              "path": "/nix/store/ms3pm6qvf6nzbn0m6y16176n6qf4l6mf-sqlite-3.53.3-doc"
            },
            {
              "name": "out",
              "path": "/nix/store/qs0mnknmbqdg5a5pbqck61j2zrapdav8-sqlite-3.53.3"
            },
            {
              "name": "debug",
              "path": "/nix/store/l0p0xjys9f6hnlbcfr09gd0vcjviar8l-sqlite-3.53.3-debug"
            }
          ],
          "store_path": "/nix/store/md5qmi1mnlhhv72kvsp8fjjynag48xqa-sqlite-3.53.3-bin"
        },
        "x86_64-linux": {
          "outputs": [
            {
              "name": "bin",
              "path": "/nix/store/46c0qkgri1d3kq1fxgdxq23vg3viznm7-sqlite-3.53.3-bin",
              "default": true
            },
            {
              "name": "man",
              "path": "/nix/store/2v0n47kg4yjbkcbds7wm1mkqrjjdi0qf-sqlite-3.53.3-man",
              "default": true
            },
            {
              "name": "debug",
              "path": "/nix/store/9rplpxzil55brz6ga043307hrqn8pd0d-sqlite-3.53.3-debug"
            },
            {
              "name": "dev",
              "path": "/nix/store/r7i9rh1ivkmi1vayjhqffmmkvvaas2ls-sqlite-3.53.3-dev"
            },
            {
              "name": "doc",
              "path": "/nix/store/7l9nbwg4rp6c36c54k1wfcwfn7qcgg2l-sqlite-3.53.3-doc"
            },
            {
              "name": "out",
              "path": "/nix/store/1sb721qx1ja8ik66jx2y555as0d6zfyv-sqlite-3.53.3"
            }
          ],
          "store_path": "/nix/store/46c0qkgri1d3kq1fxgdxq23vg3viznm7-sqlite-3.53.3-bin"
        }
      }
    }
  }
}
